
Microsoft Visual Studio Solution File, Format Version 12.00
# Visual Studio Version 16
VisualStudioVersion = 16.0.28803.452
MinimumVisualStudioVersion = 10.0.40219.1
Project("{FAE04EC0-301F-11D3-BF4B-00C04F79EFBC}") = "AngularLessons", "AngularLessons\AngularLessons.csproj", "{3D337D51-41B8-4E6C-85CA-42E6B72C9EB3}"
EndProject
Global
	GlobalSection(SolutionConfigurationPlatforms) = preSolution
		Debug|Any CPU = Debug|Any CPU
		Release|Any CPU = Release|Any CPU
	EndGlobalSection
	GlobalSection(ProjectConfigurationPlatforms) = postSolution
		{3D337D51-41B8-4E6C-85CA-42E6B72C9EB3}.Debug|Any CPU.ActiveCfg = Debug|Any CPU
		{3D337D51-41B8-4E6C-85CA-42E6B72C9EB3}.Debug|Any CPU.Build.0 = Debug|Any CPU
		{3D337D51-41B8-4E6C-85CA-42E6B72C9EB3}.Release|Any CPU.ActiveCfg = Release|Any CPU
		{3D337D51-41B8-4E6C-85CA-42E6B72C9EB3}.Release|Any CPU.Build.0 = Release|Any CPU
	EndGlobalSection
	GlobalSection(SolutionProperties) = preSolution
		HideSolutionNode = FALSE
	EndGlobalSection
	GlobalSection(ExtensibilityGlobals) = postSolution
		SolutionGuid = {F3ADD506-F751-41D9-8E46-C67082938658}
	EndGlobalSection
EndGlobal
